// !$*UTF8*$!
{
	archiveVersion = 1;
	classes = {
	};
	objectVersion = 56;
	objects = {

/* Begin PBXBuildFile section */
		B70557372B9D2FE400FE6128 /* GFAlertContainerView.swift in Sources */ = {isa = PBXBuildFile; fileRef = B70557362B9D2FE400FE6128 /* GFAlertContainerView.swift */; };
		B70557392B9D3CA100FE6128 /* GFDataLoadingViewController.swift in Sources */ = {isa = PBXBuildFile; fileRef = B70557382B9D3CA100FE6128 /* GFDataLoadingViewController.swift */; };
		B711E6BD2B86BC2200C8AACD /* UIHelper.swift in Sources */ = {isa = PBXBuildFile; fileRef = B711E6BC2B86BC2200C8AACD /* UIHelper.swift */; };
		B736AEDC2B94D2460063521E /* Date+Ext.swift in Sources */ = {isa = PBXBuildFile; fileRef = B736AEDB2B94D2460063521E /* Date+Ext.swift */; };
		B736AEDE2B94D25A0063521E /* String+Ext.swift in Sources */ = {isa = PBXBuildFile; fileRef = B736AEDD2B94D25A0063521E /* String+Ext.swift */; };
		B736C8242B477ACF002575E1 /* AppDelegate.swift in Sources */ = {isa = PBXBuildFile; fileRef = B736C8232B477ACF002575E1 /* AppDelegate.swift */; };
		B736C8262B477ACF002575E1 /* SceneDelegate.swift in Sources */ = {isa = PBXBuildFile; fileRef = B736C8252B477ACF002575E1 /* SceneDelegate.swift */; };
		B736C82D2B477AD0002575E1 /* Assets.xcassets in Resources */ = {isa = PBXBuildFile; fileRef = B736C82C2B477AD0002575E1 /* Assets.xcassets */; };
		B736C8302B477AD0002575E1 /* LaunchScreen.storyboard in Resources */ = {isa = PBXBuildFile; fileRef = B736C82E2B477AD0002575E1 /* LaunchScreen.storyboard */; };
		B73B68702B92963100A7C458 /* GFItemInfoView.swift in Sources */ = {isa = PBXBuildFile; fileRef = B73B686F2B92963100A7C458 /* GFItemInfoView.swift */; };
		B75E46102B8E9F3900ABAFF1 /* GFError.swift in Sources */ = {isa = PBXBuildFile; fileRef = B75E460F2B8E9F3900ABAFF1 /* GFError.swift */; };
		B77247282B7FC72400E1C2AF /* GFTitleLabel.swift in Sources */ = {isa = PBXBuildFile; fileRef = B77247272B7FC72400E1C2AF /* GFTitleLabel.swift */; };
		B772472A2B7FC91700E1C2AF /* GFBodyLabel.swift in Sources */ = {isa = PBXBuildFile; fileRef = B77247292B7FC91700E1C2AF /* GFBodyLabel.swift */; };
		B772472C2B7FC9AD00E1C2AF /* GFAlertViewController.swift in Sources */ = {isa = PBXBuildFile; fileRef = B772472B2B7FC9AD00E1C2AF /* GFAlertViewController.swift */; };
		B772472E2B7FD33100E1C2AF /* UIViewController+Ext.swift in Sources */ = {isa = PBXBuildFile; fileRef = B772472D2B7FD33100E1C2AF /* UIViewController+Ext.swift */; };
		B77B041E2B8FF78F004DE765 /* GFUserInfoHeaderViewController.swift in Sources */ = {isa = PBXBuildFile; fileRef = B77B041D2B8FF78F004DE765 /* GFUserInfoHeaderViewController.swift */; };
		B77B04202B8FF803004DE765 /* GFSecondaryTitleLabel.swift in Sources */ = {isa = PBXBuildFile; fileRef = B77B041F2B8FF803004DE765 /* GFSecondaryTitleLabel.swift */; };
		B77B04222B900189004DE765 /* Constants.swift in Sources */ = {isa = PBXBuildFile; fileRef = B77B04212B900189004DE765 /* Constants.swift */; };
		B785D6DB2B7E765D00ECD549 /* FollowerListViewController.swift in Sources */ = {isa = PBXBuildFile; fileRef = B785D6DA2B7E765D00ECD549 /* FollowerListViewController.swift */; };
		B78C418F2B9A80A6002C073B /* FavouriteTableViewCell.swift in Sources */ = {isa = PBXBuildFile; fileRef = B78C418E2B9A80A6002C073B /* FavouriteTableViewCell.swift */; };
		B78CCC2D2B9FC51B00936815 /* UIView+Ext.swift in Sources */ = {isa = PBXBuildFile; fileRef = B78CCC2C2B9FC51B00936815 /* UIView+Ext.swift */; };
		B794D0452B7D7387008EE9A5 /* GFButton.swift in Sources */ = {isa = PBXBuildFile; fileRef = B794D0442B7D7387008EE9A5 /* GFButton.swift */; };
		B794D0472B7D77C0008EE9A5 /* GFTextField.swift in Sources */ = {isa = PBXBuildFile; fileRef = B794D0462B7D77C0008EE9A5 /* GFTextField.swift */; };
		B7980A692B841399001BB8C2 /* FollowerCollectionViewCell.swift in Sources */ = {isa = PBXBuildFile; fileRef = B7980A682B841399001BB8C2 /* FollowerCollectionViewCell.swift */; };
		B7980A6B2B84146F001BB8C2 /* GFAvatarImageView.swift in Sources */ = {isa = PBXBuildFile; fileRef = B7980A6A2B84146F001BB8C2 /* GFAvatarImageView.swift */; };
		B7A24A022B97E12C00CD03C4 /* PersistenceManager.swift in Sources */ = {isa = PBXBuildFile; fileRef = B7A24A012B97E12C00CD03C4 /* PersistenceManager.swift */; };
		B7B2D4312B93E75400F615B5 /* GFItemInfoViewController.swift in Sources */ = {isa = PBXBuildFile; fileRef = B7B2D4302B93E75400F615B5 /* GFItemInfoViewController.swift */; };
		B7B2D4332B93EB7300F615B5 /* GFRepoItemViewController.swift in Sources */ = {isa = PBXBuildFile; fileRef = B7B2D4322B93EB7300F615B5 /* GFRepoItemViewController.swift */; };
		B7B2D4352B93EDBC00F615B5 /* GFFollowerItemViewController.swift in Sources */ = {isa = PBXBuildFile; fileRef = B7B2D4342B93EDBC00F615B5 /* GFFollowerItemViewController.swift */; };
		B7C0F88D2B82C0D600B80FE8 /* NetworkManager.swift in Sources */ = {isa = PBXBuildFile; fileRef = B7C0F88C2B82C0D600B80FE8 /* NetworkManager.swift */; };
		B7C8A74C2B8171E200653E98 /* Follower.swift in Sources */ = {isa = PBXBuildFile; fileRef = B7C8A74B2B8171E200653E98 /* Follower.swift */; };
		B7C8A74E2B81729A00653E98 /* User.swift in Sources */ = {isa = PBXBuildFile; fileRef = B7C8A74D2B81729A00653E98 /* User.swift */; };
		B7CEC4C02B8D529500227590 /* UserInfoViewController.swift in Sources */ = {isa = PBXBuildFile; fileRef = B7CEC4BF2B8D529500227590 /* UserInfoViewController.swift */; };
		B7D04CF72B7C62390087888F /* SearchViewController.swift in Sources */ = {isa = PBXBuildFile; fileRef = B7D04CF62B7C62390087888F /* SearchViewController.swift */; };
		B7D04CF92B7C627F0087888F /* FavouritesListViewController.swift in Sources */ = {isa = PBXBuildFile; fileRef = B7D04CF82B7C627F0087888F /* FavouritesListViewController.swift */; };
		B7E9B4592B9BD98A00BBC63B /* GFTabBarViewController.swift in Sources */ = {isa = PBXBuildFile; fileRef = B7E9B4582B9BD98A00BBC63B /* GFTabBarViewController.swift */; };
		B7F14C552B8A98DD005D4696 /* GFEmptyStateView.swift in Sources */ = {isa = PBXBuildFile; fileRef = B7F14C542B8A98DD005D4696 /* GFEmptyStateView.swift */; };
/* End PBXBuildFile section */

/* Begin PBXFileReference section */
		B70557362B9D2FE400FE6128 /* GFAlertContainerView.swift */ = {isa = PBXFileReference; lastKnownFileType = sourcecode.swift; path = GFAlertContainerView.swift; sourceTree = "<group>"; };
		B70557382B9D3CA100FE6128 /* GFDataLoadingViewController.swift */ = {isa = PBXFileReference; lastKnownFileType = sourcecode.swift; path = GFDataLoadingViewController.swift; sourceTree = "<group>"; };
		B711E6BC2B86BC2200C8AACD /* UIHelper.swift */ = {isa = PBXFileReference; lastKnownFileType = sourcecode.swift; path = UIHelper.swift; sourceTree = "<group>"; };
		B736AEDB2B94D2460063521E /* Date+Ext.swift */ = {isa = PBXFileReference; lastKnownFileType = sourcecode.swift; path = "Date+Ext.swift"; sourceTree = "<group>"; };
		B736AEDD2B94D25A0063521E /* String+Ext.swift */ = {isa = PBXFileReference; lastKnownFileType = sourcecode.swift; path = "String+Ext.swift"; sourceTree = "<group>"; };
		B736C8202B477ACF002575E1 /* GHFollowers.app */ = {isa = PBXFileReference; explicitFileType = wrapper.application; includeInIndex = 0; path = GHFollowers.app; sourceTree = BUILT_PRODUCTS_DIR; };
		B736C8232B477ACF002575E1 /* AppDelegate.swift */ = {isa = PBXFileReference; lastKnownFileType = sourcecode.swift; path = AppDelegate.swift; sourceTree = "<group>"; };
		B736C8252B477ACF002575E1 /* SceneDelegate.swift */ = {isa = PBXFileReference; lastKnownFileType = sourcecode.swift; path = SceneDelegate.swift; sourceTree = "<group>"; };
		B736C82C2B477AD0002575E1 /* Assets.xcassets */ = {isa = PBXFileReference; lastKnownFileType = folder.assetcatalog; path = Assets.xcassets; sourceTree = "<group>"; };
		B736C82F2B477AD0002575E1 /* Base */ = {isa = PBXFileReference; lastKnownFileType = file.storyboard; name = Base; path = Base.lproj/LaunchScreen.storyboard; sourceTree = "<group>"; };
		B736C8312B477AD0002575E1 /* Info.plist */ = {isa = PBXFileReference; lastKnownFileType = text.plist.xml; path = Info.plist; sourceTree = "<group>"; };
		B73B686F2B92963100A7C458 /* GFItemInfoView.swift */ = {isa = PBXFileReference; lastKnownFileType = sourcecode.swift; path = GFItemInfoView.swift; sourceTree = "<group>"; };
		B75E460F2B8E9F3900ABAFF1 /* GFError.swift */ = {isa = PBXFileReference; lastKnownFileType = sourcecode.swift; path = GFError.swift; sourceTree = "<group>"; };
		B77247272B7FC72400E1C2AF /* GFTitleLabel.swift */ = {isa = PBXFileReference; lastKnownFileType = sourcecode.swift; path = GFTitleLabel.swift; sourceTree = "<group>"; };
		B77247292B7FC91700E1C2AF /* GFBodyLabel.swift */ = {isa = PBXFileReference; lastKnownFileType = sourcecode.swift; path = GFBodyLabel.swift; sourceTree = "<group>"; };
		B772472B2B7FC9AD00E1C2AF /* GFAlertViewController.swift */ = {isa = PBXFileReference; lastKnownFileType = sourcecode.swift; path = GFAlertViewController.swift; sourceTree = "<group>"; };
		B772472D2B7FD33100E1C2AF /* UIViewController+Ext.swift */ = {isa = PBXFileReference; lastKnownFileType = sourcecode.swift; path = "UIViewController+Ext.swift"; sourceTree = "<group>"; };
		B77B041D2B8FF78F004DE765 /* GFUserInfoHeaderViewController.swift */ = {isa = PBXFileReference; lastKnownFileType = sourcecode.swift; path = GFUserInfoHeaderViewController.swift; sourceTree = "<group>"; };
		B77B041F2B8FF803004DE765 /* GFSecondaryTitleLabel.swift */ = {isa = PBXFileReference; lastKnownFileType = sourcecode.swift; path = GFSecondaryTitleLabel.swift; sourceTree = "<group>"; };
		B77B04212B900189004DE765 /* Constants.swift */ = {isa = PBXFileReference; lastKnownFileType = sourcecode.swift; path = Constants.swift; sourceTree = "<group>"; };
		B785D6DA2B7E765D00ECD549 /* FollowerListViewController.swift */ = {isa = PBXFileReference; lastKnownFileType = sourcecode.swift; path = FollowerListViewController.swift; sourceTree = "<group>"; };
		B78C418E2B9A80A6002C073B /* FavouriteTableViewCell.swift */ = {isa = PBXFileReference; lastKnownFileType = sourcecode.swift; path = FavouriteTableViewCell.swift; sourceTree = "<group>"; };
		B78CCC2C2B9FC51B00936815 /* UIView+Ext.swift */ = {isa = PBXFileReference; lastKnownFileType = sourcecode.swift; path = "UIView+Ext.swift"; sourceTree = "<group>"; };
		B794D0442B7D7387008EE9A5 /* GFButton.swift */ = {isa = PBXFileReference; lastKnownFileType = sourcecode.swift; path = GFButton.swift; sourceTree = "<group>"; };
		B794D0462B7D77C0008EE9A5 /* GFTextField.swift */ = {isa = PBXFileReference; lastKnownFileType = sourcecode.swift; path = GFTextField.swift; sourceTree = "<group>"; };
		B7980A682B841399001BB8C2 /* FollowerCollectionViewCell.swift */ = {isa = PBXFileReference; lastKnownFileType = sourcecode.swift; path = FollowerCollectionViewCell.swift; sourceTree = "<group>"; };
		B7980A6A2B84146F001BB8C2 /* GFAvatarImageView.swift */ = {isa = PBXFileReference; lastKnownFileType = sourcecode.swift; path = GFAvatarImageView.swift; sourceTree = "<group>"; };
		B7A24A012B97E12C00CD03C4 /* PersistenceManager.swift */ = {isa = PBXFileReference; lastKnownFileType = sourcecode.swift; path = PersistenceManager.swift; sourceTree = "<group>"; };
		B7B2D4302B93E75400F615B5 /* GFItemInfoViewController.swift */ = {isa = PBXFileReference; lastKnownFileType = sourcecode.swift; path = GFItemInfoViewController.swift; sourceTree = "<group>"; };
		B7B2D4322B93EB7300F615B5 /* GFRepoItemViewController.swift */ = {isa = PBXFileReference; lastKnownFileType = sourcecode.swift; path = GFRepoItemViewController.swift; sourceTree = "<group>"; };
		B7B2D4342B93EDBC00F615B5 /* GFFollowerItemViewController.swift */ = {isa = PBXFileReference; lastKnownFileType = sourcecode.swift; path = GFFollowerItemViewController.swift; sourceTree = "<group>"; };
		B7C0F88C2B82C0D600B80FE8 /* NetworkManager.swift */ = {isa = PBXFileReference; lastKnownFileType = sourcecode.swift; path = NetworkManager.swift; sourceTree = "<group>"; };
		B7C8A74B2B8171E200653E98 /* Follower.swift */ = {isa = PBXFileReference; lastKnownFileType = sourcecode.swift; path = Follower.swift; sourceTree = "<group>"; };
		B7C8A74D2B81729A00653E98 /* User.swift */ = {isa = PBXFileReference; lastKnownFileType = sourcecode.swift; path = User.swift; sourceTree = "<group>"; };
		B7CEC4BF2B8D529500227590 /* UserInfoViewController.swift */ = {isa = PBXFileReference; lastKnownFileType = sourcecode.swift; path = UserInfoViewController.swift; sourceTree = "<group>"; };
		B7D04CF62B7C62390087888F /* SearchViewController.swift */ = {isa = PBXFileReference; lastKnownFileType = sourcecode.swift; path = SearchViewController.swift; sourceTree = "<group>"; };
		B7D04CF82B7C627F0087888F /* FavouritesListViewController.swift */ = {isa = PBXFileReference; lastKnownFileType = sourcecode.swift; path = FavouritesListViewController.swift; sourceTree = "<group>"; };
		B7E9B4582B9BD98A00BBC63B /* GFTabBarViewController.swift */ = {isa = PBXFileReference; lastKnownFileType = sourcecode.swift; path = GFTabBarViewController.swift; sourceTree = "<group>"; };
		B7F14C542B8A98DD005D4696 /* GFEmptyStateView.swift */ = {isa = PBXFileReference; lastKnownFileType = sourcecode.swift; path = GFEmptyStateView.swift; sourceTree = "<group>"; };
/* End PBXFileReference section */

/* Begin PBXFrameworksBuildPhase section */
		B736C81D2B477ACF002575E1 /* Frameworks */ = {
			isa = PBXFrameworksBuildPhase;
			buildActionMask = 2147483647;
			files = (
			);
			runOnlyForDeploymentPostprocessing = 0;
		};
/* End PBXFrameworksBuildPhase section */

/* Begin PBXGroup section */
		B736C8172B477ACE002575E1 = {
			isa = PBXGroup;
			children = (
				B736C8222B477ACF002575E1 /* GHFollowers */,
				B736C8212B477ACF002575E1 /* Products */,
			);
			sourceTree = "<group>";
		};
		B736C8212B477ACF002575E1 /* Products */ = {
			isa = PBXGroup;
			children = (
				B736C8202B477ACF002575E1 /* GHFollowers.app */,
			);
			name = Products;
			sourceTree = "<group>";
		};
		B736C8222B477ACF002575E1 /* GHFollowers */ = {
			isa = PBXGroup;
			children = (
				B7980A642B840C1C001BB8C2 /* Utilities */,
				B7C0F88B2B82C0BB00B80FE8 /* Managers */,
				B7C8A74A2B8171D000653E98 /* Model */,
				B7C8A7492B816EC500653E98 /* Support */,
				B7C8A7482B816E6F00653E98 /* Extensions */,
				B7C8A7472B816E4A00653E98 /* Custom Views */,
				B7C8A7462B816DEC00653E98 /* Screens */,
				B736C8312B477AD0002575E1 /* Info.plist */,
			);
			path = GHFollowers;
			sourceTree = "<group>";
		};
		B7980A642B840C1C001BB8C2 /* Utilities */ = {
			isa = PBXGroup;
			children = (
				B711E6BC2B86BC2200C8AACD /* UIHelper.swift */,
				B75E460F2B8E9F3900ABAFF1 /* GFError.swift */,
				B77B04212B900189004DE765 /* Constants.swift */,
			);
			path = Utilities;
			sourceTree = "<group>";
		};
		B7980A672B841369001BB8C2 /* Cells */ = {
			isa = PBXGroup;
			children = (
				B7980A682B841399001BB8C2 /* FollowerCollectionViewCell.swift */,
				B78C418E2B9A80A6002C073B /* FavouriteTableViewCell.swift */,
			);
			path = Cells;
			sourceTree = "<group>";
		};
		B7B2D4362B93EE1100F615B5 /* ItemInfoViewControllers */ = {
			isa = PBXGroup;
			children = (
				B7B2D4302B93E75400F615B5 /* GFItemInfoViewController.swift */,
				B7B2D4322B93EB7300F615B5 /* GFRepoItemViewController.swift */,
				B7B2D4342B93EDBC00F615B5 /* GFFollowerItemViewController.swift */,
			);
			path = ItemInfoViewControllers;
			sourceTree = "<group>";
		};
		B7C0F88B2B82C0BB00B80FE8 /* Managers */ = {
			isa = PBXGroup;
			children = (
				B7C0F88C2B82C0D600B80FE8 /* NetworkManager.swift */,
				B7A24A012B97E12C00CD03C4 /* PersistenceManager.swift */,
			);
			path = Managers;
			sourceTree = "<group>";
		};
		B7C8A7462B816DEC00653E98 /* Screens */ = {
			isa = PBXGroup;
			children = (
				B7D04CF62B7C62390087888F /* SearchViewController.swift */,
				B7D04CF82B7C627F0087888F /* FavouritesListViewController.swift */,
				B785D6DA2B7E765D00ECD549 /* FollowerListViewController.swift */,
				B7CEC4BF2B8D529500227590 /* UserInfoViewController.swift */,
			);
			path = Screens;
			sourceTree = "<group>";
		};
		B7C8A7472B816E4A00653E98 /* Custom Views */ = {
			isa = PBXGroup;
			children = (
				B7E9B4572B9BD96F00BBC63B /* TabBarControllers */,
				B7F14C532B8A9895005D4696 /* ImageViews */,
				B7F14C522B8A9872005D4696 /* Labels */,
				B7F14C512B8A986C005D4696 /* TextFields */,
				B7F14C502B8A9866005D4696 /* Buttons */,
				B7F14C4F2B8A985D005D4696 /* ViewControllers */,
				B7F14C4E2B8A9856005D4696 /* Views */,
				B7980A672B841369001BB8C2 /* Cells */,
			);
			path = "Custom Views";
			sourceTree = "<group>";
		};
		B7C8A7482B816E6F00653E98 /* Extensions */ = {
			isa = PBXGroup;
			children = (
				B772472D2B7FD33100E1C2AF /* UIViewController+Ext.swift */,
				B736AEDB2B94D2460063521E /* Date+Ext.swift */,
				B736AEDD2B94D25A0063521E /* String+Ext.swift */,
				B78CCC2C2B9FC51B00936815 /* UIView+Ext.swift */,
			);
			path = Extensions;
			sourceTree = "<group>";
		};
		B7C8A7492B816EC500653E98 /* Support */ = {
			isa = PBXGroup;
			children = (
				B736C8232B477ACF002575E1 /* AppDelegate.swift */,
				B736C8252B477ACF002575E1 /* SceneDelegate.swift */,
				B736C82C2B477AD0002575E1 /* Assets.xcassets */,
				B736C82E2B477AD0002575E1 /* LaunchScreen.storyboard */,
			);
			path = Support;
			sourceTree = "<group>";
		};
		B7C8A74A2B8171D000653E98 /* Model */ = {
			isa = PBXGroup;
			children = (
				B7C8A74B2B8171E200653E98 /* Follower.swift */,
				B7C8A74D2B81729A00653E98 /* User.swift */,
			);
			path = Model;
			sourceTree = "<group>";
		};
		B7E9B4572B9BD96F00BBC63B /* TabBarControllers */ = {
			isa = PBXGroup;
			children = (
				B7E9B4582B9BD98A00BBC63B /* GFTabBarViewController.swift */,
			);
			path = TabBarControllers;
			sourceTree = "<group>";
		};
		B7F14C4E2B8A9856005D4696 /* Views */ = {
			isa = PBXGroup;
			children = (
				B7F14C542B8A98DD005D4696 /* GFEmptyStateView.swift */,
				B73B686F2B92963100A7C458 /* GFItemInfoView.swift */,
				B70557362B9D2FE400FE6128 /* GFAlertContainerView.swift */,
			);
			path = Views;
			sourceTree = "<group>";
		};
		B7F14C4F2B8A985D005D4696 /* ViewControllers */ = {
			isa = PBXGroup;
			children = (
				B7B2D4362B93EE1100F615B5 /* ItemInfoViewControllers */,
				B772472B2B7FC9AD00E1C2AF /* GFAlertViewController.swift */,
				B77B041D2B8FF78F004DE765 /* GFUserInfoHeaderViewController.swift */,
				B70557382B9D3CA100FE6128 /* GFDataLoadingViewController.swift */,
			);
			path = ViewControllers;
			sourceTree = "<group>";
		};
		B7F14C502B8A9866005D4696 /* Buttons */ = {
			isa = PBXGroup;
			children = (
				B794D0442B7D7387008EE9A5 /* GFButton.swift */,
			);
			path = Buttons;
			sourceTree = "<group>";
		};
		B7F14C512B8A986C005D4696 /* TextFields */ = {
			isa = PBXGroup;
			children = (
				B794D0462B7D77C0008EE9A5 /* GFTextField.swift */,
			);
			path = TextFields;
			sourceTree = "<group>";
		};
		B7F14C522B8A9872005D4696 /* Labels */ = {
			isa = PBXGroup;
			children = (
				B77247272B7FC72400E1C2AF /* GFTitleLabel.swift */,
				B77247292B7FC91700E1C2AF /* GFBodyLabel.swift */,
				B77B041F2B8FF803004DE765 /* GFSecondaryTitleLabel.swift */,
			);
			path = Labels;
			sourceTree = "<group>";
		};
		B7F14C532B8A9895005D4696 /* ImageViews */ = {
			isa = PBXGroup;
			children = (
				B7980A6A2B84146F001BB8C2 /* GFAvatarImageView.swift */,
			);
			path = ImageViews;
			sourceTree = "<group>";
		};
/* End PBXGroup section */

/* Begin PBXNativeTarget section */
		B736C81F2B477ACF002575E1 /* GHFollowers */ = {
			isa = PBXNativeTarget;
			buildConfigurationList = B736C8342B477AD0002575E1 /* Build configuration list for PBXNativeTarget "GHFollowers" */;
			buildPhases = (
				B736C81C2B477ACF002575E1 /* Sources */,
				B736C81D2B477ACF002575E1 /* Frameworks */,
				B736C81E2B477ACF002575E1 /* Resources */,
			);
			buildRules = (
			);
			dependencies = (
			);
			name = GHFollowers;
			productName = GHFollowers;
			productReference = B736C8202B477ACF002575E1 /* GHFollowers.app */;
			productType = "com.apple.product-type.application";
		};
/* End PBXNativeTarget section */

/* Begin PBXProject section */
		B736C8182B477ACE002575E1 /* Project object */ = {
			isa = PBXProject;
			attributes = {
				BuildIndependentTargetsInParallel = 1;
				LastSwiftUpdateCheck = 1510;
				LastUpgradeCheck = 1510;
				TargetAttributes = {
					B736C81F2B477ACF002575E1 = {
						CreatedOnToolsVersion = 15.1;
					};
				};
			};
			buildConfigurationList = B736C81B2B477ACE002575E1 /* Build configuration list for PBXProject "GHFollowers" */;
			compatibilityVersion = "Xcode 14.0";
			developmentRegion = en;
			hasScannedForEncodings = 0;
			knownRegions = (
				en,
				Base,
			);
			mainGroup = B736C8172B477ACE002575E1;
			productRefGroup = B736C8212B477ACF002575E1 /* Products */;
			projectDirPath = "";
			projectRoot = "";
			targets = (
				B736C81F2B477ACF002575E1 /* GHFollowers */,
			);
		};
/* End PBXProject section */

/* Begin PBXResourcesBuildPhase section */
		B736C81E2B477ACF002575E1 /* Resources */ = {
			isa = PBXResourcesBuildPhase;
			buildActionMask = 2147483647;
			files = (
				B736C8302B477AD0002575E1 /* LaunchScreen.storyboard in Resources */,
				B736C82D2B477AD0002575E1 /* Assets.xcassets in Resources */,
			);
			runOnlyForDeploymentPostprocessing = 0;
		};
/* End PBXResourcesBuildPhase section */

/* Begin PBXSourcesBuildPhase section */
		B736C81C2B477ACF002575E1 /* Sources */ = {
			isa = PBXSourcesBuildPhase;
			buildActionMask = 2147483647;
			files = (
				B7C8A74E2B81729A00653E98 /* User.swift in Sources */,
				B772472C2B7FC9AD00E1C2AF /* GFAlertViewController.swift in Sources */,
				B794D0472B7D77C0008EE9A5 /* GFTextField.swift in Sources */,
				B736AEDE2B94D25A0063521E /* String+Ext.swift in Sources */,
				B7D04CF92B7C627F0087888F /* FavouritesListViewController.swift in Sources */,
				B772472E2B7FD33100E1C2AF /* UIViewController+Ext.swift in Sources */,
				B711E6BD2B86BC2200C8AACD /* UIHelper.swift in Sources */,
				B7B2D4352B93EDBC00F615B5 /* GFFollowerItemViewController.swift in Sources */,
				B7B2D4332B93EB7300F615B5 /* GFRepoItemViewController.swift in Sources */,
				B77B04222B900189004DE765 /* Constants.swift in Sources */,
				B70557392B9D3CA100FE6128 /* GFDataLoadingViewController.swift in Sources */,
				B7980A6B2B84146F001BB8C2 /* GFAvatarImageView.swift in Sources */,
				B794D0452B7D7387008EE9A5 /* GFButton.swift in Sources */,
				B77B041E2B8FF78F004DE765 /* GFUserInfoHeaderViewController.swift in Sources */,
				B73B68702B92963100A7C458 /* GFItemInfoView.swift in Sources */,
				B75E46102B8E9F3900ABAFF1 /* GFError.swift in Sources */,
				B7E9B4592B9BD98A00BBC63B /* GFTabBarViewController.swift in Sources */,
				B785D6DB2B7E765D00ECD549 /* FollowerListViewController.swift in Sources */,
				B7980A692B841399001BB8C2 /* FollowerCollectionViewCell.swift in Sources */,
				B772472A2B7FC91700E1C2AF /* GFBodyLabel.swift in Sources */,
				B7C8A74C2B8171E200653E98 /* Follower.swift in Sources */,
				B77247282B7FC72400E1C2AF /* GFTitleLabel.swift in Sources */,
				B70557372B9D2FE400FE6128 /* GFAlertContainerView.swift in Sources */,
				B736AEDC2B94D2460063521E /* Date+Ext.swift in Sources */,
				B7A24A022B97E12C00CD03C4 /* PersistenceManager.swift in Sources */,
				B77B04202B8FF803004DE765 /* GFSecondaryTitleLabel.swift in Sources */,
				B7F14C552B8A98DD005D4696 /* GFEmptyStateView.swift in Sources */,
				B78C418F2B9A80A6002C073B /* FavouriteTableViewCell.swift in Sources */,
				B7C0F88D2B82C0D600B80FE8 /* NetworkManager.swift in Sources */,
				B7D04CF72B7C62390087888F /* SearchViewController.swift in Sources */,
				B7B2D4312B93E75400F615B5 /* GFItemInfoViewController.swift in Sources */,
				B7CEC4C02B8D529500227590 /* UserInfoViewController.swift in Sources */,
				B78CCC2D2B9FC51B00936815 /* UIView+Ext.swift in Sources */,
				B736C8242B477ACF002575E1 /* AppDelegate.swift in Sources */,
				B736C8262B477ACF002575E1 /* SceneDelegate.swift in Sources */,
			);
			runOnlyForDeploymentPostprocessing = 0;
		};
/* End PBXSourcesBuildPhase section */

/* Begin PBXVariantGroup section */
		B736C82E2B477AD0002575E1 /* LaunchScreen.storyboard */ = {
			isa = PBXVariantGroup;
			children = (
				B736C82F2B477AD0002575E1 /* Base */,
			);
			name = LaunchScreen.storyboard;
			sourceTree = "<group>";
		};
/* End PBXVariantGroup section */

/* Begin XCBuildConfiguration section */
		B736C8322B477AD0002575E1 /* Debug */ = {
			isa = XCBuildConfiguration;
			buildSettings = {
				ALWAYS_SEARCH_USER_PATHS = NO;
				ASSETCATALOG_COMPILER_GENERATE_SWIFT_ASSET_SYMBOL_EXTENSIONS = YES;
				CLANG_ANALYZER_NONNULL = YES;
				CLANG_ANALYZER_NUMBER_OBJECT_CONVERSION = YES_AGGRESSIVE;
				CLANG_CXX_LANGUAGE_STANDARD = "gnu++20";
				CLANG_ENABLE_MODULES = YES;
				CLANG_ENABLE_OBJC_ARC = YES;
				CLANG_ENABLE_OBJC_WEAK = YES;
				CLANG_WARN_BLOCK_CAPTURE_AUTORELEASING = YES;
				CLANG_WARN_BOOL_CONVERSION = YES;
				CLANG_WARN_COMMA = YES;
				CLANG_WARN_CONSTANT_CONVERSION = YES;
				CLANG_WARN_DEPRECATED_OBJC_IMPLEMENTATIONS = YES;
				CLANG_WARN_DIRECT_OBJC_ISA_USAGE = YES_ERROR;
				CLANG_WARN_DOCUMENTATION_COMMENTS = YES;
				CLANG_WARN_EMPTY_BODY = YES;
				CLANG_WARN_ENUM_CONVERSION = YES;
				CLANG_WARN_INFINITE_RECURSION = YES;
				CLANG_WARN_INT_CONVERSION = YES;
				CLANG_WARN_NON_LITERAL_NULL_CONVERSION = YES;
				CLANG_WARN_OBJC_IMPLICIT_RETAIN_SELF = YES;
				CLANG_WARN_OBJC_LITERAL_CONVERSION = YES;
				CLANG_WARN_OBJC_ROOT_CLASS = YES_ERROR;
				CLANG_WARN_QUOTED_INCLUDE_IN_FRAMEWORK_HEADER = YES;
				CLANG_WARN_RANGE_LOOP_ANALYSIS = YES;
				CLANG_WARN_STRICT_PROTOTYPES = YES;
				CLANG_WARN_SUSPICIOUS_MOVE = YES;
				CLANG_WARN_UNGUARDED_AVAILABILITY = YES_AGGRESSIVE;
				CLANG_WARN_UNREACHABLE_CODE = YES;
				CLANG_WARN__DUPLICATE_METHOD_MATCH = YES;
				COPY_PHASE_STRIP = NO;
				DEBUG_INFORMATION_FORMAT = dwarf;
				ENABLE_STRICT_OBJC_MSGSEND = YES;
				ENABLE_TESTABILITY = YES;
				ENABLE_USER_SCRIPT_SANDBOXING = YES;
				GCC_C_LANGUAGE_STANDARD = gnu17;
				GCC_DYNAMIC_NO_PIC = NO;
				GCC_NO_COMMON_BLOCKS = YES;
				GCC_OPTIMIZATION_LEVEL = 0;
				GCC_PREPROCESSOR_DEFINITIONS = (
					"DEBUG=1",
					"$(inherited)",
				);
				GCC_WARN_64_TO_32_BIT_CONVERSION = YES;
				GCC_WARN_ABOUT_RETURN_TYPE = YES_ERROR;
				GCC_WARN_UNDECLARED_SELECTOR = YES;
				GCC_WARN_UNINITIALIZED_AUTOS = YES_AGGRESSIVE;
				GCC_WARN_UNUSED_FUNCTION = YES;
				GCC_WARN_UNUSED_VARIABLE = YES;
				IPHONEOS_DEPLOYMENT_TARGET = 17.2;
				LOCALIZATION_PREFERS_STRING_CATALOGS = YES;
				MTL_ENABLE_DEBUG_INFO = INCLUDE_SOURCE;
				MTL_FAST_MATH = YES;
				ONLY_ACTIVE_ARCH = YES;
				SDKROOT = iphoneos;
				SWIFT_ACTIVE_COMPILATION_CONDITIONS = "DEBUG $(inherited)";
				SWIFT_OPTIMIZATION_LEVEL = "-Onone";
			};
			name = Debug;
		};
		B736C8332B477AD0002575E1 /* Release */ = {
			isa = XCBuildConfiguration;
			buildSettings = {
				ALWAYS_SEARCH_USER_PATHS = NO;
				ASSETCATALOG_COMPILER_GENERATE_SWIFT_ASSET_SYMBOL_EXTENSIONS = YES;
				CLANG_ANALYZER_NONNULL = YES;
				CLANG_ANALYZER_NUMBER_OBJECT_CONVERSION = YES_AGGRESSIVE;
				CLANG_CXX_LANGUAGE_STANDARD = "gnu++20";
				CLANG_ENABLE_MODULES = YES;
				CLANG_ENABLE_OBJC_ARC = YES;
				CLANG_ENABLE_OBJC_WEAK = YES;
				CLANG_WARN_BLOCK_CAPTURE_AUTORELEASING = YES;
				CLANG_WARN_BOOL_CONVERSION = YES;
				CLANG_WARN_COMMA = YES;
				CLANG_WARN_CONSTANT_CONVERSION = YES;
				CLANG_WARN_DEPRECATED_OBJC_IMPLEMENTATIONS = YES;
				CLANG_WARN_DIRECT_OBJC_ISA_USAGE = YES_ERROR;
				CLANG_WARN_DOCUMENTATION_COMMENTS = YES;
				CLANG_WARN_EMPTY_BODY = YES;
				CLANG_WARN_ENUM_CONVERSION = YES;
				CLANG_WARN_INFINITE_RECURSION = YES;
				CLANG_WARN_INT_CONVERSION = YES;
				CLANG_WARN_NON_LITERAL_NULL_CONVERSION = YES;
				CLANG_WARN_OBJC_IMPLICIT_RETAIN_SELF = YES;
				CLANG_WARN_OBJC_LITERAL_CONVERSION = YES;
				CLANG_WARN_OBJC_ROOT_CLASS = YES_ERROR;
				CLANG_WARN_QUOTED_INCLUDE_IN_FRAMEWORK_HEADER = YES;
				CLANG_WARN_RANGE_LOOP_ANALYSIS = YES;
				CLANG_WARN_STRICT_PROTOTYPES = YES;
				CLANG_WARN_SUSPICIOUS_MOVE = YES;
				CLANG_WARN_UNGUARDED_AVAILABILITY = YES_AGGRESSIVE;
				CLANG_WARN_UNREACHABLE_CODE = YES;
				CLANG_WARN__DUPLICATE_METHOD_MATCH = YES;
				COPY_PHASE_STRIP = NO;
				DEBUG_INFORMATION_FORMAT = "dwarf-with-dsym";
				ENABLE_NS_ASSERTIONS = NO;
				ENABLE_STRICT_OBJC_MSGSEND = YES;
				ENABLE_USER_SCRIPT_SANDBOXING = YES;
				GCC_C_LANGUAGE_STANDARD = gnu17;
				GCC_NO_COMMON_BLOCKS = YES;
				GCC_WARN_64_TO_32_BIT_CONVERSION = YES;
				GCC_WARN_ABOUT_RETURN_TYPE = YES_ERROR;
				GCC_WARN_UNDECLARED_SELECTOR = YES;
				GCC_WARN_UNINITIALIZED_AUTOS = YES_AGGRESSIVE;
				GCC_WARN_UNUSED_FUNCTION = YES;
				GCC_WARN_UNUSED_VARIABLE = YES;
				IPHONEOS_DEPLOYMENT_TARGET = 17.2;
				LOCALIZATION_PREFERS_STRING_CATALOGS = YES;
				MTL_ENABLE_DEBUG_INFO = NO;
				MTL_FAST_MATH = YES;
				SDKROOT = iphoneos;
				SWIFT_COMPILATION_MODE = wholemodule;
				VALIDATE_PRODUCT = YES;
			};
			name = Release;
		};
		B736C8352B477AD0002575E1 /* Debug */ = {
			isa = XCBuildConfiguration;
			buildSettings = {
				ASSETCATALOG_COMPILER_APPICON_NAME = AppIcon;
				ASSETCATALOG_COMPILER_GLOBAL_ACCENT_COLOR_NAME = AccentColor;
				CODE_SIGN_STYLE = Automatic;
				CURRENT_PROJECT_VERSION = 1;
				GENERATE_INFOPLIST_FILE = YES;
				INFOPLIST_FILE = GHFollowers/Info.plist;
				INFOPLIST_KEY_UIApplicationSupportsIndirectInputEvents = YES;
				INFOPLIST_KEY_UILaunchStoryboardName = LaunchScreen;
				INFOPLIST_KEY_UISupportedInterfaceOrientations = UIInterfaceOrientationPortrait;
				LD_RUNPATH_SEARCH_PATHS = (
					"$(inherited)",
					"@executable_path/Frameworks",
				);
				MARKETING_VERSION = 1.0;
				PRODUCT_BUNDLE_IDENTIFIER = com.overkill.GHFollowers;
				PRODUCT_NAME = "$(TARGET_NAME)";
				SUPPORTED_PLATFORMS = "iphoneos iphonesimulator";
				SUPPORTS_MACCATALYST = NO;
				SUPPORTS_MAC_DESIGNED_FOR_IPHONE_IPAD = NO;
				SWIFT_EMIT_LOC_STRINGS = YES;
				SWIFT_VERSION = 5.0;
				TARGETED_DEVICE_FAMILY = 1;
			};
			name = Debug;
		};
		B736C8362B477AD0002575E1 /* Release */ = {
			isa = XCBuildConfiguration;
			buildSettings = {
				ASSETCATALOG_COMPILER_APPICON_NAME = AppIcon;
				ASSETCATALOG_COMPILER_GLOBAL_ACCENT_COLOR_NAME = AccentColor;
				CODE_SIGN_STYLE = Automatic;
				CURRENT_PROJECT_VERSION = 1;
				GENERATE_INFOPLIST_FILE = YES;
				INFOPLIST_FILE = GHFollowers/Info.plist;
				INFOPLIST_KEY_UIApplicationSupportsIndirectInputEvents = YES;
				INFOPLIST_KEY_UILaunchStoryboardName = LaunchScreen;
				INFOPLIST_KEY_UISupportedInterfaceOrientations = UIInterfaceOrientationPortrait;
				LD_RUNPATH_SEARCH_PATHS = (
					"$(inherited)",
					"@executable_path/Frameworks",
				);
				MARKETING_VERSION = 1.0;
				PRODUCT_BUNDLE_IDENTIFIER = com.overkill.GHFollowers;
				PRODUCT_NAME = "$(TARGET_NAME)";
				SUPPORTED_PLATFORMS = "iphoneos iphonesimulator";
				SUPPORTS_MACCATALYST = NO;
				SUPPORTS_MAC_DESIGNED_FOR_IPHONE_IPAD = NO;
				SWIFT_EMIT_LOC_STRINGS = YES;
				SWIFT_VERSION = 5.0;
				TARGETED_DEVICE_FAMILY = 1;
			};
			name = Release;
		};
/* End XCBuildConfiguration section */

/* Begin XCConfigurationList section */
		B736C81B2B477ACE002575E1 /* Build configuration list for PBXProject "GHFollowers" */ = {
			isa = XCConfigurationList;
			buildConfigurations = (
				B736C8322B477AD0002575E1 /* Debug */,
				B736C8332B477AD0002575E1 /* Release */,
			);
			defaultConfigurationIsVisible = 0;
			defaultConfigurationName = Release;
		};
		B736C8342B477AD0002575E1 /* Build configuration list for PBXNativeTarget "GHFollowers" */ = {
			isa = XCConfigurationList;
			buildConfigurations = (
				B736C8352B477AD0002575E1 /* Debug */,
				B736C8362B477AD0002575E1 /* Release */,
			);
			defaultConfigurationIsVisible = 0;
			defaultConfigurationName = Release;
		};
/* End XCConfigurationList section */
	};
	rootObject = B736C8182B477ACE002575E1 /* Project object */;
}
